{
  "name": "analyse-introduction",
  "lockfileVersion": 3,
  "requires": true,
  "packages": {
    "": {
      "dependencies": {
        "@cspell/dict-fr-fr": "^2.3.2"
      }
    },
    "node_modules/@cspell/dict-fr-fr": {
      "version": "2.3.2",
      "resolved": "https://registry.npmjs.org/@cspell/dict-fr-fr/-/dict-fr-fr-2.3.2.tgz",
      "integrity": "sha512-cPNjlavSiMfH/bB/Zl5GEF+94s6C77mdvghvVsclco1Ly0VWN3EpH5L9EE3bDGLDpE7m9EnYfRs8TOfZugGrUg==",
      "license": "MIT"
    }
  }
}
